{
  "name": "lewislabeyescorer",
  "version": "1.0.0",
  "lockfileVersion": 3,
  "requires": true,
  "packages": {
    "": {
      "name": "lewislabeyescorer",
      "version": "1.0.0",
      "license": "MIT",
      "dependencies": {
        "node-fetch": "^2.6.7",
        "python-shell": "^3.0.1",
        "toastify-js": "^1.12.0",
        "webm-to-mp4": "^1.0.0"
      }
    },
    "node_modules/ffmpeg.js": {
      "version": "4.2.9003",
      "resolved": "https://registry.npmjs.org/ffmpeg.js/-/ffmpeg.js-4.2.9003.tgz",
      "integrity": "sha512-l1JBr8HwnnJEaSwg5p8K3Ifbom8O2IDHsZp7UVyr6MzQ7gc32tt/2apoOuQAr/j76c+uDOjla799VSsBnRvSTg=="
    },
    "node_modules/node-fetch": {
      "version": "2.6.7",
      "resolved": "https://registry.npmjs.org/node-fetch/-/node-fetch-2.6.7.tgz",
      "integrity": "sha512-ZjMPFEfVx5j+y2yF35Kzx5sF7kDzxuDj6ziH4FFbOp87zKDZNx8yExJIb05OGF4Nlt9IHFIMBkRl41VdvcNdbQ==",
      "dependencies": {
        "whatwg-url": "^5.0.0"
      },
      "engines": {
        "node": "4.x || >=6.0.0"
      },
      "peerDependencies": {
        "encoding": "^0.1.0"
      },
      "peerDependenciesMeta": {
        "encoding": {
          "optional": true
        }
      }
    },
    "node_modules/python-shell": {
      "version": "3.0.1",
      "resolved": "https://registry.npmjs.org/python-shell/-/python-shell-3.0.1.tgz",
      "integrity": "sha512-TWeotuxe1auhXa5bGRScxnc2J+0r41NBntSa6RYZtMBLtAEsvCboKrEbW6DvASosWQepVkhZZlT3B5Ei766G+Q==",
      "engines": {
        "node": ">=0.10"
      }
    },
    "node_modules/toastify-js": {
      "version": "1.12.0",
      "resolved": "https://registry.npmjs.org/toastify-js/-/toastify-js-1.12.0.tgz",
      "integrity": "sha512-HeMHCO9yLPvP9k0apGSdPUWrUbLnxUKNFzgUoZp1PHCLploIX/4DSQ7V8H25ef+h4iO9n0he7ImfcndnN6nDrQ=="
    },
    "node_modules/tr46": {
      "version": "0.0.3",
      "resolved": "https://registry.npmjs.org/tr46/-/tr46-0.0.3.tgz",
      "integrity": "sha512-N3WMsuqV66lT30CrXNbEjx4GEwlow3v6rr4mCcv6prnfwhS01rkgyFdjPNBYd9br7LpXV1+Emh01fHnq2Gdgrw=="
    },
    "node_modules/webidl-conversions": {
      "version": "3.0.1",
      "resolved": "https://registry.npmjs.org/webidl-conversions/-/webidl-conversions-3.0.1.tgz",
      "integrity": "sha512-2JAn3z8AR6rjK8Sm8orRC0h/bcl/DqL7tRPdGZ4I1CjdF+EaMLmYxBHyXuKL849eucPFhvBoxMsflfOb8kxaeQ=="
    },
    "node_modules/webm-to-mp4": {
      "version": "1.0.0",
      "resolved": "https://registry.npmjs.org/webm-to-mp4/-/webm-to-mp4-1.0.0.tgz",
      "integrity": "sha512-XCqDsNF9QoUxhsDI2bL+IyAjU+O/u80G8pojnpzMqKVgqIj9+++G8jSzNwMqlTRWP1nRnuVhMIiu3Kszs+PAbQ==",
      "dependencies": {
        "ffmpeg.js": "^4.2.9003"
      },
      "engines": {
        "node": ">=10"
      }
    },
    "node_modules/whatwg-url": {
      "version": "5.0.0",
      "resolved": "https://registry.npmjs.org/whatwg-url/-/whatwg-url-5.0.0.tgz",
      "integrity": "sha512-saE57nupxk6v3HY35+jzBwYa0rKSy0XR8JSxZPwgLr7ys0IBzhGviA1/TUGJLmSVqs8pb9AnvICXEuOHLprYTw==",
      "dependencies": {
        "tr46": "~0.0.3",
        "webidl-conversions": "^3.0.0"
      }
    }
  }
}
